dependencies:
- name: redis
  repository: https://charts.bitnami.com/bitnami
  version: 19.0.1
- name: postgresql
  repository: https://charts.bitnami.com/bitnami
  version: 16.4.7
- name: rafiki-auth
  repository: https://interledger.github.io/helm-charts
  version: 0.4.0
- name: rafiki-backend
  repository: https://interledger.github.io/helm-charts
  version: 0.4.0
- name: rafiki-frontend
  repository: https://interledger.github.io/helm-charts
  version: 0.4.0
digest: sha256:70385dec3a42e5c4cb9163dcebdef8074ae1dad49b6864cbd885d990c11ca6d0
generated: "2025-02-10T12:18:24.666684072Z"
